// !$*UTF8*$!
{
	archiveVersion = 1;
	classes = {
	};
	objectVersion = 46;
	objects = {

/* Begin PBXBuildFile section */
		795F15A01D92C8F300595874 /* main.m in Sources */ = {isa = PBXBuildFile; fileRef = 795F159F1D92C8F300595874 /* main.m */; };
		795F15A31D92C8F300595874 /* AppDelegate.m in Sources */ = {isa = PBXBuildFile; fileRef = 795F15A21D92C8F300595874 /* AppDelegate.m */; };
		795F15A61D92C8F300595874 /* ViewController.m in Sources */ = {isa = PBXBuildFile; fileRef = 795F15A51D92C8F300595874 /* ViewController.m */; };
		795F15A91D92C8F300595874 /* Main.storyboard in Resources */ = {isa = PBXBuildFile; fileRef = 795F15A71D92C8F300595874 /* Main.storyboard */; };
		795F15AB1D92C8F300595874 /* Assets.xcassets in Resources */ = {isa = PBXBuildFile; fileRef = 795F15AA1D92C8F300595874 /* Assets.xcassets */; };
		795F15AE1D92C8F300595874 /* LaunchScreen.storyboard in Resources */ = {isa = PBXBuildFile; fileRef = 795F15AC1D92C8F300595874 /* LaunchScreen.storyboard */; };
		795F15B71D92C92600595874 /* SFPizza.m in Sources */ = {isa = PBXBuildFile; fileRef = 795F15B61D92C92600595874 /* SFPizza.m */; };
		795F15BA1D92CA9A00595874 /* SFCheesePizza.m in Sources */ = {isa = PBXBuildFile; fileRef = 795F15B91D92CA9A00595874 /* SFCheesePizza.m */; };
		795F15BD1D92CAE400595874 /* SFClamPizza.m in Sources */ = {isa = PBXBuildFile; fileRef = 795F15BC1D92CAE400595874 /* SFClamPizza.m */; };
		795F15C11D92CB3900595874 /* SFPizzaSimpleFactory.m in Sources */ = {isa = PBXBuildFile; fileRef = 795F15C01D92CB3900595874 /* SFPizzaSimpleFactory.m */; };
		795F15C41D92CC9200595874 /* SFPizzaStore.m in Sources */ = {isa = PBXBuildFile; fileRef = 795F15C31D92CC9200595874 /* SFPizzaStore.m */; };
/* End PBXBuildFile section */

/* Begin PBXFileReference section */
		795F159B1D92C8F300595874 /* Factory.app */ = {isa = PBXFileReference; explicitFileType = wrapper.application; includeInIndex = 0; path = Factory.app; sourceTree = BUILT_PRODUCTS_DIR; };
		795F159F1D92C8F300595874 /* main.m */ = {isa = PBXFileReference; lastKnownFileType = sourcecode.c.objc; path = main.m; sourceTree = "<group>"; };
		795F15A11D92C8F300595874 /* AppDelegate.h */ = {isa = PBXFileReference; lastKnownFileType = sourcecode.c.h; path = AppDelegate.h; sourceTree = "<group>"; };
		795F15A21D92C8F300595874 /* AppDelegate.m */ = {isa = PBXFileReference; lastKnownFileType = sourcecode.c.objc; path = AppDelegate.m; sourceTree = "<group>"; };
		795F15A41D92C8F300595874 /* ViewController.h */ = {isa = PBXFileReference; lastKnownFileType = sourcecode.c.h; path = ViewController.h; sourceTree = "<group>"; };
		795F15A51D92C8F300595874 /* ViewController.m */ = {isa = PBXFileReference; lastKnownFileType = sourcecode.c.objc; path = ViewController.m; sourceTree = "<group>"; };
		795F15A81D92C8F300595874 /* Base */ = {isa = PBXFileReference; lastKnownFileType = file.storyboard; name = Base; path = Base.lproj/Main.storyboard; sourceTree = "<group>"; };
		795F15AA1D92C8F300595874 /* Assets.xcassets */ = {isa = PBXFileReference; lastKnownFileType = folder.assetcatalog; path = Assets.xcassets; sourceTree = "<group>"; };
		795F15AD1D92C8F300595874 /* Base */ = {isa = PBXFileReference; lastKnownFileType = file.storyboard; name = Base; path = Base.lproj/LaunchScreen.storyboard; sourceTree = "<group>"; };
		795F15AF1D92C8F300595874 /* Info.plist */ = {isa = PBXFileReference; lastKnownFileType = text.plist.xml; path = Info.plist; sourceTree = "<group>"; };
		795F15B51D92C92600595874 /* SFPizza.h */ = {isa = PBXFileReference; fileEncoding = 4; lastKnownFileType = sourcecode.c.h; path = SFPizza.h; sourceTree = "<group>"; };
		795F15B61D92C92600595874 /* SFPizza.m */ = {isa = PBXFileReference; fileEncoding = 4; lastKnownFileType = sourcecode.c.objc; path = SFPizza.m; sourceTree = "<group>"; };
		795F15B81D92CA9A00595874 /* SFCheesePizza.h */ = {isa = PBXFileReference; fileEncoding = 4; lastKnownFileType = sourcecode.c.h; path = SFCheesePizza.h; sourceTree = "<group>"; };
		795F15B91D92CA9A00595874 /* SFCheesePizza.m */ = {isa = PBXFileReference; fileEncoding = 4; lastKnownFileType = sourcecode.c.objc; path = SFCheesePizza.m; sourceTree = "<group>"; };
		795F15BB1D92CAE400595874 /* SFClamPizza.h */ = {isa = PBXFileReference; fileEncoding = 4; lastKnownFileType = sourcecode.c.h; path = SFClamPizza.h; sourceTree = "<group>"; };
		795F15BC1D92CAE400595874 /* SFClamPizza.m */ = {isa = PBXFileReference; fileEncoding = 4; lastKnownFileType = sourcecode.c.objc; path = SFClamPizza.m; sourceTree = "<group>"; };
		795F15BF1D92CB3900595874 /* SFPizzaSimpleFactory.h */ = {isa = PBXFileReference; fileEncoding = 4; lastKnownFileType = sourcecode.c.h; path = SFPizzaSimpleFactory.h; sourceTree = "<group>"; };
		795F15C01D92CB3900595874 /* SFPizzaSimpleFactory.m */ = {isa = PBXFileReference; fileEncoding = 4; lastKnownFileType = sourcecode.c.objc; path = SFPizzaSimpleFactory.m; sourceTree = "<group>"; };
		795F15C21D92CC9200595874 /* SFPizzaStore.h */ = {isa = PBXFileReference; fileEncoding = 4; lastKnownFileType = sourcecode.c.h; path = SFPizzaStore.h; sourceTree = "<group>"; };
		795F15C31D92CC9200595874 /* SFPizzaStore.m */ = {isa = PBXFileReference; fileEncoding = 4; lastKnownFileType = sourcecode.c.objc; path = SFPizzaStore.m; sourceTree = "<group>"; };
/* End PBXFileReference section */

/* Begin PBXFrameworksBuildPhase section */
		795F15981D92C8F300595874 /* Frameworks */ = {
			isa = PBXFrameworksBuildPhase;
			buildActionMask = 2147483647;
			files = (
			);
			runOnlyForDeploymentPostprocessing = 0;
		};
/* End PBXFrameworksBuildPhase section */

/* Begin PBXGroup section */
		795F15921D92C8F300595874 = {
			isa = PBXGroup;
			children = (
				795F159D1D92C8F300595874 /* Factory */,
				795F159C1D92C8F300595874 /* Products */,
			);
			sourceTree = "<group>";
		};
		795F159C1D92C8F300595874 /* Products */ = {
			isa = PBXGroup;
			children = (
				795F159B1D92C8F300595874 /* Factory.app */,
			);
			name = Products;
			sourceTree = "<group>";
		};
		795F159D1D92C8F300595874 /* Factory */ = {
			isa = PBXGroup;
			children = (
				795F15C61D92D0AD00595874 /* 抽象工厂 */,
				795F15C51D92D09F00595874 /* 工厂方法 */,
				795F15BE1D92CAF900595874 /* 简单工厂 */,
				795F15A11D92C8F300595874 /* AppDelegate.h */,
				795F15A21D92C8F300595874 /* AppDelegate.m */,
				795F15A41D92C8F300595874 /* ViewController.h */,
				795F15A51D92C8F300595874 /* ViewController.m */,
				795F15A71D92C8F300595874 /* Main.storyboard */,
				795F15AA1D92C8F300595874 /* Assets.xcassets */,
				795F15AC1D92C8F300595874 /* LaunchScreen.storyboard */,
				795F15AF1D92C8F300595874 /* Info.plist */,
				795F159E1D92C8F300595874 /* Supporting Files */,
			);
			path = Factory;
			sourceTree = "<group>";
		};
		795F159E1D92C8F300595874 /* Supporting Files */ = {
			isa = PBXGroup;
			children = (
				795F159F1D92C8F300595874 /* main.m */,
			);
			name = "Supporting Files";
			sourceTree = "<group>";
		};
		795F15BE1D92CAF900595874 /* 简单工厂 */ = {
			isa = PBXGroup;
			children = (
				795F15B51D92C92600595874 /* SFPizza.h */,
				795F15B61D92C92600595874 /* SFPizza.m */,
				795F15B81D92CA9A00595874 /* SFCheesePizza.h */,
				795F15B91D92CA9A00595874 /* SFCheesePizza.m */,
				795F15BB1D92CAE400595874 /* SFClamPizza.h */,
				795F15BC1D92CAE400595874 /* SFClamPizza.m */,
				795F15BF1D92CB3900595874 /* SFPizzaSimpleFactory.h */,
				795F15C01D92CB3900595874 /* SFPizzaSimpleFactory.m */,
				795F15C21D92CC9200595874 /* SFPizzaStore.h */,
				795F15C31D92CC9200595874 /* SFPizzaStore.m */,
			);
			name = "简单工厂";
			sourceTree = "<group>";
		};
		795F15C51D92D09F00595874 /* 工厂方法 */ = {
			isa = PBXGroup;
			children = (
			);
			name = "工厂方法";
			sourceTree = "<group>";
		};
		795F15C61D92D0AD00595874 /* 抽象工厂 */ = {
			isa = PBXGroup;
			children = (
			);
			name = "抽象工厂";
			sourceTree = "<group>";
		};
/* End PBXGroup section */

/* Begin PBXNativeTarget section */
		795F159A1D92C8F300595874 /* Factory */ = {
			isa = PBXNativeTarget;
			buildConfigurationList = 795F15B21D92C8F300595874 /* Build configuration list for PBXNativeTarget "Factory" */;
			buildPhases = (
				795F15971D92C8F300595874 /* Sources */,
				795F15981D92C8F300595874 /* Frameworks */,
				795F15991D92C8F300595874 /* Resources */,
			);
			buildRules = (
			);
			dependencies = (
			);
			name = Factory;
			productName = Factory;
			productReference = 795F159B1D92C8F300595874 /* Factory.app */;
			productType = "com.apple.product-type.application";
		};
/* End PBXNativeTarget section */

/* Begin PBXProject section */
		795F15931D92C8F300595874 /* Project object */ = {
			isa = PBXProject;
			attributes = {
				LastUpgradeCheck = 0800;
				ORGANIZATIONNAME = ricky;
				TargetAttributes = {
					795F159A1D92C8F300595874 = {
						CreatedOnToolsVersion = 7.3.1;
					};
				};
			};
			buildConfigurationList = 795F15961D92C8F300595874 /* Build configuration list for PBXProject "Factory" */;
			compatibilityVersion = "Xcode 3.2";
			developmentRegion = English;
			hasScannedForEncodings = 0;
			knownRegions = (
				en,
				Base,
			);
			mainGroup = 795F15921D92C8F300595874;
			productRefGroup = 795F159C1D92C8F300595874 /* Products */;
			projectDirPath = "";
			projectRoot = "";
			targets = (
				795F159A1D92C8F300595874 /* Factory */,
			);
		};
/* End PBXProject section */

/* Begin PBXResourcesBuildPhase section */
		795F15991D92C8F300595874 /* Resources */ = {
			isa = PBXResourcesBuildPhase;
			buildActionMask = 2147483647;
			files = (
				795F15AE1D92C8F300595874 /* LaunchScreen.storyboard in Resources */,
				795F15AB1D92C8F300595874 /* Assets.xcassets in Resources */,
				795F15A91D92C8F300595874 /* Main.storyboard in Resources */,
			);
			runOnlyForDeploymentPostprocessing = 0;
		};
/* End PBXResourcesBuildPhase section */

/* Begin PBXSourcesBuildPhase section */
		795F15971D92C8F300595874 /* Sources */ = {
			isa = PBXSourcesBuildPhase;
			buildActionMask = 2147483647;
			files = (
				795F15BD1D92CAE400595874 /* SFClamPizza.m in Sources */,
				795F15A61D92C8F300595874 /* ViewController.m in Sources */,
				795F15B71D92C92600595874 /* SFPizza.m in Sources */,
				795F15A31D92C8F300595874 /* AppDelegate.m in Sources */,
				795F15A01D92C8F300595874 /* main.m in Sources */,
				795F15C41D92CC9200595874 /* SFPizzaStore.m in Sources */,
				795F15C11D92CB3900595874 /* SFPizzaSimpleFactory.m in Sources */,
				795F15BA1D92CA9A00595874 /* SFCheesePizza.m in Sources */,
			);
			runOnlyForDeploymentPostprocessing = 0;
		};
/* End PBXSourcesBuildPhase section */

/* Begin PBXVariantGroup section */
		795F15A71D92C8F300595874 /* Main.storyboard */ = {
			isa = PBXVariantGroup;
			children = (
				795F15A81D92C8F300595874 /* Base */,
			);
			name = Main.storyboard;
			sourceTree = "<group>";
		};
		795F15AC1D92C8F300595874 /* LaunchScreen.storyboard */ = {
			isa = PBXVariantGroup;
			children = (
				795F15AD1D92C8F300595874 /* Base */,
			);
			name = LaunchScreen.storyboard;
			sourceTree = "<group>";
		};
/* End PBXVariantGroup section */

/* Begin XCBuildConfiguration section */
		795F15B01D92C8F300595874 /* Debug */ = {
			isa = XCBuildConfiguration;
			buildSettings = {
				ALWAYS_SEARCH_USER_PATHS = NO;
				CLANG_ANALYZER_NONNULL = YES;
				CLANG_CXX_LANGUAGE_STANDARD = "gnu++0x";
				CLANG_CXX_LIBRARY = "libc++";
				CLANG_ENABLE_MODULES = YES;
				CLANG_ENABLE_OBJC_ARC = YES;
				CLANG_WARN_BOOL_CONVERSION = YES;
				CLANG_WARN_CONSTANT_CONVERSION = YES;
				CLANG_WARN_DIRECT_OBJC_ISA_USAGE = YES_ERROR;
				CLANG_WARN_EMPTY_BODY = YES;
				CLANG_WARN_ENUM_CONVERSION = YES;
				CLANG_WARN_INFINITE_RECURSION = YES;
				CLANG_WARN_INT_CONVERSION = YES;
				CLANG_WARN_OBJC_ROOT_CLASS = YES_ERROR;
				CLANG_WARN_SUSPICIOUS_MOVE = YES;
				CLANG_WARN_UNREACHABLE_CODE = YES;
				CLANG_WARN__DUPLICATE_METHOD_MATCH = YES;
				"CODE_SIGN_IDENTITY[sdk=iphoneos*]" = "iPhone Developer";
				COPY_PHASE_STRIP = NO;
				DEBUG_INFORMATION_FORMAT = dwarf;
				ENABLE_STRICT_OBJC_MSGSEND = YES;
				ENABLE_TESTABILITY = YES;
				GCC_C_LANGUAGE_STANDARD = gnu99;
				GCC_DYNAMIC_NO_PIC = NO;
				GCC_NO_COMMON_BLOCKS = YES;
				GCC_OPTIMIZATION_LEVEL = 0;
				GCC_PREPROCESSOR_DEFINITIONS = (
					"DEBUG=1",
					"$(inherited)",
				);
				GCC_WARN_64_TO_32_BIT_CONVERSION = YES;
				GCC_WARN_ABOUT_RETURN_TYPE = YES_ERROR;
				GCC_WARN_UNDECLARED_SELECTOR = YES;
				GCC_WARN_UNINITIALIZED_AUTOS = YES_AGGRESSIVE;
				GCC_WARN_UNUSED_FUNCTION = YES;
				GCC_WARN_UNUSED_VARIABLE = YES;
				IPHONEOS_DEPLOYMENT_TARGET = 9.3;
				MTL_ENABLE_DEBUG_INFO = YES;
				ONLY_ACTIVE_ARCH = YES;
				SDKROOT = iphoneos;
			};
			name = Debug;
		};
		795F15B11D92C8F300595874 /* Release */ = {
			isa = XCBuildConfiguration;
			buildSettings = {
				ALWAYS_SEARCH_USER_PATHS = NO;
				CLANG_ANALYZER_NONNULL = YES;
				CLANG_CXX_LANGUAGE_STANDARD = "gnu++0x";
				CLANG_CXX_LIBRARY = "libc++";
				CLANG_ENABLE_MODULES = YES;
				CLANG_ENABLE_OBJC_ARC = YES;
				CLANG_WARN_BOOL_CONVERSION = YES;
				CLANG_WARN_CONSTANT_CONVERSION = YES;
				CLANG_WARN_DIRECT_OBJC_ISA_USAGE = YES_ERROR;
				CLANG_WARN_EMPTY_BODY = YES;
				CLANG_WARN_ENUM_CONVERSION = YES;
				CLANG_WARN_INFINITE_RECURSION = YES;
				CLANG_WARN_INT_CONVERSION = YES;
				CLANG_WARN_OBJC_ROOT_CLASS = YES_ERROR;
				CLANG_WARN_SUSPICIOUS_MOVE = YES;
				CLANG_WARN_UNREACHABLE_CODE = YES;
				CLANG_WARN__DUPLICATE_METHOD_MATCH = YES;
				"CODE_SIGN_IDENTITY[sdk=iphoneos*]" = "iPhone Developer";
				COPY_PHASE_STRIP = NO;
				DEBUG_INFORMATION_FORMAT = "dwarf-with-dsym";
				ENABLE_NS_ASSERTIONS = NO;
				ENABLE_STRICT_OBJC_MSGSEND = YES;
				GCC_C_LANGUAGE_STANDARD = gnu99;
				GCC_NO_COMMON_BLOCKS = YES;
				GCC_WARN_64_TO_32_BIT_CONVERSION = YES;
				GCC_WARN_ABOUT_RETURN_TYPE = YES_ERROR;
				GCC_WARN_UNDECLARED_SELECTOR = YES;
				GCC_WARN_UNINITIALIZED_AUTOS = YES_AGGRESSIVE;
				GCC_WARN_UNUSED_FUNCTION = YES;
				GCC_WARN_UNUSED_VARIABLE = YES;
				IPHONEOS_DEPLOYMENT_TARGET = 9.3;
				MTL_ENABLE_DEBUG_INFO = NO;
				SDKROOT = iphoneos;
				VALIDATE_PRODUCT = YES;
			};
			name = Release;
		};
		795F15B31D92C8F300595874 /* Debug */ = {
			isa = XCBuildConfiguration;
			buildSettings = {
				ASSETCATALOG_COMPILER_APPICON_NAME = AppIcon;
				INFOPLIST_FILE = Factory/Info.plist;
				LD_RUNPATH_SEARCH_PATHS = "$(inherited) @executable_path/Frameworks";
				PRODUCT_BUNDLE_IDENTIFIER = com.lxf.Factory;
				PRODUCT_NAME = "$(TARGET_NAME)";
			};
			name = Debug;
		};
		795F15B41D92C8F300595874 /* Release */ = {
			isa = XCBuildConfiguration;
			buildSettings = {
				ASSETCATALOG_COMPILER_APPICON_NAME = AppIcon;
				INFOPLIST_FILE = Factory/Info.plist;
				LD_RUNPATH_SEARCH_PATHS = "$(inherited) @executable_path/Frameworks";
				PRODUCT_BUNDLE_IDENTIFIER = com.lxf.Factory;
				PRODUCT_NAME = "$(TARGET_NAME)";
			};
			name = Release;
		};
/* End XCBuildConfiguration section */

/* Begin XCConfigurationList section */
		795F15961D92C8F300595874 /* Build configuration list for PBXProject "Factory" */ = {
			isa = XCConfigurationList;
			buildConfigurations = (
				795F15B01D92C8F300595874 /* Debug */,
				795F15B11D92C8F300595874 /* Release */,
			);
			defaultConfigurationIsVisible = 0;
			defaultConfigurationName = Release;
		};
		795F15B21D92C8F300595874 /* Build configuration list for PBXNativeTarget "Factory" */ = {
			isa = XCConfigurationList;
			buildConfigurations = (
				795F15B31D92C8F300595874 /* Debug */,
				795F15B41D92C8F300595874 /* Release */,
			);
			defaultConfigurationIsVisible = 0;
			defaultConfigurationName = Release;
		};
/* End XCConfigurationList section */
	};
	rootObject = 795F15931D92C8F300595874 /* Project object */;
}
